
Microsoft Visual Studio Solution File, Format Version 12.00
# Visual Studio 15
VisualStudioVersion = 15.0.28010.2046
MinimumVisualStudioVersion = 10.0.40219.1
Project("{FAE04EC0-301F-11D3-BF4B-00C04F79EFBC}") = "CyberDisc-RichPresence", "CyberDisc-RichPresence\CyberDisc-RichPresence.csproj", "{9528DEB3-FDD2-4EC0-BCAB-CA3B0117E681}"
EndProject
Global
	GlobalSection(SolutionConfigurationPlatforms) = preSolution
		Debug|Any CPU = Debug|Any CPU
		Release|Any CPU = Release|Any CPU
	EndGlobalSection
	GlobalSection(ProjectConfigurationPlatforms) = postSolution
		{9528DEB3-FDD2-4EC0-BCAB-CA3B0117E681}.Debug|Any CPU.ActiveCfg = Debug|Any CPU
		{9528DEB3-FDD2-4EC0-BCAB-CA3B0117E681}.Debug|Any CPU.Build.0 = Debug|Any CPU
		{9528DEB3-FDD2-4EC0-BCAB-CA3B0117E681}.Release|Any CPU.ActiveCfg = Release|Any CPU
		{9528DEB3-FDD2-4EC0-BCAB-CA3B0117E681}.Release|Any CPU.Build.0 = Release|Any CPU
	EndGlobalSection
	GlobalSection(SolutionProperties) = preSolution
		HideSolutionNode = FALSE
	EndGlobalSection
	GlobalSection(ExtensibilityGlobals) = postSolution
		SolutionGuid = {19E9C6BC-D1B2-41C9-A191-BB421FD7FA38}
	EndGlobalSection
EndGlobal
